
Microsoft Visual Studio Solution File, Format Version 12.00
# Visual Studio Version 17
VisualStudioVersion = 17.11.35312.102
MinimumVisualStudioVersion = 10.0.40219.1
Project("{9A19103F-16F7-4668-BE54-9A1E7A4F7556}") = "laba6.2", "laba6.2\laba6.2.csproj", "{E1A0403F-E0E2-4232-8B8C-79229EF2DD70}"
EndProject
Project("{FAE04EC0-301F-11D3-BF4B-00C04F79EFBC}") = "Matrix", "Matrix\Matrix.csproj", "{27B5CC66-37DA-4218-A5E3-C44A3A64AEAC}"
EndProject
Global
	GlobalSection(SolutionConfigurationPlatforms) = preSolution
		Debug|Any CPU = Debug|Any CPU
		Release|Any CPU = Release|Any CPU
	EndGlobalSection
	GlobalSection(ProjectConfigurationPlatforms) = postSolution
		{E1A0403F-E0E2-4232-8B8C-79229EF2DD70}.Debug|Any CPU.ActiveCfg = Debug|Any CPU
		{E1A0403F-E0E2-4232-8B8C-79229EF2DD70}.Debug|Any CPU.Build.0 = Debug|Any CPU
		{E1A0403F-E0E2-4232-8B8C-79229EF2DD70}.Release|Any CPU.ActiveCfg = Release|Any CPU
		{E1A0403F-E0E2-4232-8B8C-79229EF2DD70}.Release|Any CPU.Build.0 = Release|Any CPU
		{27B5CC66-37DA-4218-A5E3-C44A3A64AEAC}.Debug|Any CPU.ActiveCfg = Debug|Any CPU
		{27B5CC66-37DA-4218-A5E3-C44A3A64AEAC}.Debug|Any CPU.Build.0 = Debug|Any CPU
		{27B5CC66-37DA-4218-A5E3-C44A3A64AEAC}.Release|Any CPU.ActiveCfg = Release|Any CPU
		{27B5CC66-37DA-4218-A5E3-C44A3A64AEAC}.Release|Any CPU.Build.0 = Release|Any CPU
	EndGlobalSection
	GlobalSection(SolutionProperties) = preSolution
		HideSolutionNode = FALSE
	EndGlobalSection
	GlobalSection(ExtensibilityGlobals) = postSolution
		SolutionGuid = {31F33336-009E-4FAC-B0E6-FA610F917654}
	EndGlobalSection
EndGlobal
